
Microsoft Visual Studio Solution File, Format Version 12.00
# Visual Studio Version 16
VisualStudioVersion = 16.0.31624.102
MinimumVisualStudioVersion = 10.0.40219.1
Project("{FAE04EC0-301F-11D3-BF4B-00C04F79EFBC}") = "Masterbike", "Masterbike\Masterbike.csproj", "{A40F28DF-1E48-418D-B291-DE14A30D4517}"
EndProject
Project("{FAE04EC0-301F-11D3-BF4B-00C04F79EFBC}") = "Masterbike.DALC", "Masterbike.DALC\Masterbike.DALC.csproj", "{180763E6-6B51-45EC-8625-F865D28F52F4}"
EndProject
Project("{FAE04EC0-301F-11D3-BF4B-00C04F79EFBC}") = "Masterbike.Negocio", "Masterbike.Negocio\Masterbike.Negocio.csproj", "{958CDD5A-BE35-40F3-8DAF-344D6999E64F}"
EndProject
Global
	GlobalSection(SolutionConfigurationPlatforms) = preSolution
		Debug|Any CPU = Debug|Any CPU
		Release|Any CPU = Release|Any CPU
	EndGlobalSection
	GlobalSection(ProjectConfigurationPlatforms) = postSolution
		{A40F28DF-1E48-418D-B291-DE14A30D4517}.Debug|Any CPU.ActiveCfg = Debug|Any CPU
		{A40F28DF-1E48-418D-B291-DE14A30D4517}.Debug|Any CPU.Build.0 = Debug|Any CPU
		{A40F28DF-1E48-418D-B291-DE14A30D4517}.Release|Any CPU.ActiveCfg = Release|Any CPU
		{A40F28DF-1E48-418D-B291-DE14A30D4517}.Release|Any CPU.Build.0 = Release|Any CPU
		{180763E6-6B51-45EC-8625-F865D28F52F4}.Debug|Any CPU.ActiveCfg = Debug|Any CPU
		{180763E6-6B51-45EC-8625-F865D28F52F4}.Debug|Any CPU.Build.0 = Debug|Any CPU
		{180763E6-6B51-45EC-8625-F865D28F52F4}.Release|Any CPU.ActiveCfg = Release|Any CPU
		{180763E6-6B51-45EC-8625-F865D28F52F4}.Release|Any CPU.Build.0 = Release|Any CPU
		{958CDD5A-BE35-40F3-8DAF-344D6999E64F}.Debug|Any CPU.ActiveCfg = Debug|Any CPU
		{958CDD5A-BE35-40F3-8DAF-344D6999E64F}.Debug|Any CPU.Build.0 = Debug|Any CPU
		{958CDD5A-BE35-40F3-8DAF-344D6999E64F}.Release|Any CPU.ActiveCfg = Release|Any CPU
		{958CDD5A-BE35-40F3-8DAF-344D6999E64F}.Release|Any CPU.Build.0 = Release|Any CPU
	EndGlobalSection
	GlobalSection(SolutionProperties) = preSolution
		HideSolutionNode = FALSE
	EndGlobalSection
	GlobalSection(ExtensibilityGlobals) = postSolution
		SolutionGuid = {701FFD79-632B-4EB7-8751-A8EAE6BB7534}
	EndGlobalSection
EndGlobal
